// !$*UTF8*$!
{
	archiveVersion = 1;
	classes = {
	};
	objectVersion = 50;
	objects = {

/* Begin PBXBuildFile section */
		783763E6276658F60023A7F9 /* SnowFallEffectItem.swift in Sources */ = {isa = PBXBuildFile; fileRef = 783763E5276658F60023A7F9 /* SnowFallEffectItem.swift */; };
		783763E8276659400023A7F9 /* SnowFallEffectLayer.swift in Sources */ = {isa = PBXBuildFile; fileRef = 783763E7276659400023A7F9 /* SnowFallEffectLayer.swift */; };
		783763EA276659B70023A7F9 /* SnowFallEffect+Duration.swift in Sources */ = {isa = PBXBuildFile; fileRef = 783763E9276659B70023A7F9 /* SnowFallEffect+Duration.swift */; };
		783763EC27666E8F0023A7F9 /* SnowFallEffect+Direction.swift in Sources */ = {isa = PBXBuildFile; fileRef = 783763EB27666E8F0023A7F9 /* SnowFallEffect+Direction.swift */; };
		783763EE276670E90023A7F9 /* SnowFallEffect+Shape.swift in Sources */ = {isa = PBXBuildFile; fileRef = 783763ED276670E90023A7F9 /* SnowFallEffect+Shape.swift */; };
		7872B6D02761509700497AC1 /* SnowFallEffect.framework in Frameworks */ = {isa = PBXBuildFile; fileRef = 7872B6C62761509600497AC1 /* SnowFallEffect.framework */; };
		7872B6D52761509700497AC1 /* SnowFallEffectTests.swift in Sources */ = {isa = PBXBuildFile; fileRef = 7872B6D42761509700497AC1 /* SnowFallEffectTests.swift */; };
		7872B6D72761509700497AC1 /* SnowFallEffect.h in Headers */ = {isa = PBXBuildFile; fileRef = 7872B6C92761509600497AC1 /* SnowFallEffect.h */; settings = {ATTRIBUTES = (Public, ); }; };
		7872B6E72761522800497AC1 /* AppDelegate.swift in Sources */ = {isa = PBXBuildFile; fileRef = 7872B6E62761522800497AC1 /* AppDelegate.swift */; };
		7872B6E92761522800497AC1 /* SceneDelegate.swift in Sources */ = {isa = PBXBuildFile; fileRef = 7872B6E82761522800497AC1 /* SceneDelegate.swift */; };
		7872B6EB2761522800497AC1 /* ViewController.swift in Sources */ = {isa = PBXBuildFile; fileRef = 7872B6EA2761522800497AC1 /* ViewController.swift */; };
		7872B6EE2761522800497AC1 /* Main.storyboard in Resources */ = {isa = PBXBuildFile; fileRef = 7872B6EC2761522800497AC1 /* Main.storyboard */; };
		7872B6F02761522B00497AC1 /* Assets.xcassets in Resources */ = {isa = PBXBuildFile; fileRef = 7872B6EF2761522B00497AC1 /* Assets.xcassets */; };
		7872B6F32761522B00497AC1 /* LaunchScreen.storyboard in Resources */ = {isa = PBXBuildFile; fileRef = 7872B6F12761522B00497AC1 /* LaunchScreen.storyboard */; };
/* End PBXBuildFile section */

/* Begin PBXContainerItemProxy section */
		7872B6D12761509700497AC1 /* PBXContainerItemProxy */ = {
			isa = PBXContainerItemProxy;
			containerPortal = 7872B6BD2761509600497AC1 /* Project object */;
			proxyType = 1;
			remoteGlobalIDString = 7872B6C52761509600497AC1;
			remoteInfo = SnowFallEffect;
		};
/* End PBXContainerItemProxy section */

/* Begin PBXFileReference section */
		783763E5276658F60023A7F9 /* SnowFallEffectItem.swift */ = {isa = PBXFileReference; lastKnownFileType = sourcecode.swift; path = SnowFallEffectItem.swift; sourceTree = SOURCE_ROOT; };
		783763E7276659400023A7F9 /* SnowFallEffectLayer.swift */ = {isa = PBXFileReference; lastKnownFileType = sourcecode.swift; path = SnowFallEffectLayer.swift; sourceTree = "<group>"; };
		783763E9276659B70023A7F9 /* SnowFallEffect+Duration.swift */ = {isa = PBXFileReference; lastKnownFileType = sourcecode.swift; path = "SnowFallEffect+Duration.swift"; sourceTree = "<group>"; };
		783763EB27666E8F0023A7F9 /* SnowFallEffect+Direction.swift */ = {isa = PBXFileReference; lastKnownFileType = sourcecode.swift; path = "SnowFallEffect+Direction.swift"; sourceTree = "<group>"; };
		783763ED276670E90023A7F9 /* SnowFallEffect+Shape.swift */ = {isa = PBXFileReference; lastKnownFileType = sourcecode.swift; path = "SnowFallEffect+Shape.swift"; sourceTree = "<group>"; };
		7872B6C62761509600497AC1 /* SnowFallEffect.framework */ = {isa = PBXFileReference; explicitFileType = wrapper.framework; includeInIndex = 0; path = SnowFallEffect.framework; sourceTree = BUILT_PRODUCTS_DIR; };
		7872B6C92761509600497AC1 /* SnowFallEffect.h */ = {isa = PBXFileReference; lastKnownFileType = sourcecode.c.h; path = SnowFallEffect.h; sourceTree = "<group>"; };
		7872B6CA2761509600497AC1 /* Info.plist */ = {isa = PBXFileReference; lastKnownFileType = text.plist.xml; path = Info.plist; sourceTree = "<group>"; };
		7872B6CF2761509700497AC1 /* SnowFallEffectTests.xctest */ = {isa = PBXFileReference; explicitFileType = wrapper.cfbundle; includeInIndex = 0; path = SnowFallEffectTests.xctest; sourceTree = BUILT_PRODUCTS_DIR; };
		7872B6D42761509700497AC1 /* SnowFallEffectTests.swift */ = {isa = PBXFileReference; lastKnownFileType = sourcecode.swift; path = SnowFallEffectTests.swift; sourceTree = "<group>"; };
		7872B6D62761509700497AC1 /* Info.plist */ = {isa = PBXFileReference; lastKnownFileType = text.plist.xml; path = Info.plist; sourceTree = "<group>"; };
		7872B6E42761522800497AC1 /* SnowFallEffectExample.app */ = {isa = PBXFileReference; explicitFileType = wrapper.application; includeInIndex = 0; path = SnowFallEffectExample.app; sourceTree = BUILT_PRODUCTS_DIR; };
		7872B6E62761522800497AC1 /* AppDelegate.swift */ = {isa = PBXFileReference; lastKnownFileType = sourcecode.swift; path = AppDelegate.swift; sourceTree = "<group>"; };
		7872B6E82761522800497AC1 /* SceneDelegate.swift */ = {isa = PBXFileReference; lastKnownFileType = sourcecode.swift; path = SceneDelegate.swift; sourceTree = "<group>"; };
		7872B6EA2761522800497AC1 /* ViewController.swift */ = {isa = PBXFileReference; lastKnownFileType = sourcecode.swift; path = ViewController.swift; sourceTree = "<group>"; };
		7872B6ED2761522800497AC1 /* Base */ = {isa = PBXFileReference; lastKnownFileType = file.storyboard; name = Base; path = Base.lproj/Main.storyboard; sourceTree = "<group>"; };
		7872B6EF2761522B00497AC1 /* Assets.xcassets */ = {isa = PBXFileReference; lastKnownFileType = folder.assetcatalog; path = Assets.xcassets; sourceTree = "<group>"; };
		7872B6F22761522B00497AC1 /* Base */ = {isa = PBXFileReference; lastKnownFileType = file.storyboard; name = Base; path = Base.lproj/LaunchScreen.storyboard; sourceTree = "<group>"; };
		7872B6F42761522B00497AC1 /* Info.plist */ = {isa = PBXFileReference; lastKnownFileType = text.plist.xml; path = Info.plist; sourceTree = "<group>"; };
/* End PBXFileReference section */

/* Begin PBXFrameworksBuildPhase section */
		7872B6C32761509600497AC1 /* Frameworks */ = {
			isa = PBXFrameworksBuildPhase;
			buildActionMask = 2147483647;
			files = (
			);
			runOnlyForDeploymentPostprocessing = 0;
		};
		7872B6CC2761509700497AC1 /* Frameworks */ = {
			isa = PBXFrameworksBuildPhase;
			buildActionMask = 2147483647;
			files = (
				7872B6D02761509700497AC1 /* SnowFallEffect.framework in Frameworks */,
			);
			runOnlyForDeploymentPostprocessing = 0;
		};
		7872B6E12761522800497AC1 /* Frameworks */ = {
			isa = PBXFrameworksBuildPhase;
			buildActionMask = 2147483647;
			files = (
			);
			runOnlyForDeploymentPostprocessing = 0;
		};
/* End PBXFrameworksBuildPhase section */

/* Begin PBXGroup section */
		7872B6BC2761509600497AC1 = {
			isa = PBXGroup;
			children = (
				7872B6C82761509600497AC1 /* SnowFallEffect */,
				7872B6D32761509700497AC1 /* SnowFallEffectTests */,
				7872B6E52761522800497AC1 /* SnowFallEffectExample */,
				7872B6C72761509600497AC1 /* Products */,
			);
			sourceTree = "<group>";
		};
		7872B6C72761509600497AC1 /* Products */ = {
			isa = PBXGroup;
			children = (
				7872B6C62761509600497AC1 /* SnowFallEffect.framework */,
				7872B6CF2761509700497AC1 /* SnowFallEffectTests.xctest */,
				7872B6E42761522800497AC1 /* SnowFallEffectExample.app */,
			);
			name = Products;
			sourceTree = "<group>";
		};
		7872B6C82761509600497AC1 /* SnowFallEffect */ = {
			isa = PBXGroup;
			children = (
				7872B6C92761509600497AC1 /* SnowFallEffect.h */,
				7872B6CA2761509600497AC1 /* Info.plist */,
				783763E5276658F60023A7F9 /* SnowFallEffectItem.swift */,
				783763E9276659B70023A7F9 /* SnowFallEffect+Duration.swift */,
				783763EB27666E8F0023A7F9 /* SnowFallEffect+Direction.swift */,
				783763E7276659400023A7F9 /* SnowFallEffectLayer.swift */,
				783763ED276670E90023A7F9 /* SnowFallEffect+Shape.swift */,
			);
			path = SnowFallEffect;
			sourceTree = "<group>";
		};
		7872B6D32761509700497AC1 /* SnowFallEffectTests */ = {
			isa = PBXGroup;
			children = (
				7872B6D42761509700497AC1 /* SnowFallEffectTests.swift */,
				7872B6D62761509700497AC1 /* Info.plist */,
			);
			path = SnowFallEffectTests;
			sourceTree = "<group>";
		};
		7872B6E52761522800497AC1 /* SnowFallEffectExample */ = {
			isa = PBXGroup;
			children = (
				7872B6E62761522800497AC1 /* AppDelegate.swift */,
				7872B6E82761522800497AC1 /* SceneDelegate.swift */,
				7872B6EA2761522800497AC1 /* ViewController.swift */,
				7872B6EC2761522800497AC1 /* Main.storyboard */,
				7872B6EF2761522B00497AC1 /* Assets.xcassets */,
				7872B6F12761522B00497AC1 /* LaunchScreen.storyboard */,
				7872B6F42761522B00497AC1 /* Info.plist */,
			);
			path = SnowFallEffectExample;
			sourceTree = "<group>";
		};
/* End PBXGroup section */

/* Begin PBXHeadersBuildPhase section */
		7872B6C12761509600497AC1 /* Headers */ = {
			isa = PBXHeadersBuildPhase;
			buildActionMask = 2147483647;
			files = (
				7872B6D72761509700497AC1 /* SnowFallEffect.h in Headers */,
			);
			runOnlyForDeploymentPostprocessing = 0;
		};
/* End PBXHeadersBuildPhase section */

/* Begin PBXNativeTarget section */
		7872B6C52761509600497AC1 /* SnowFallEffect */ = {
			isa = PBXNativeTarget;
			buildConfigurationList = 7872B6DA2761509700497AC1 /* Build configuration list for PBXNativeTarget "SnowFallEffect" */;
			buildPhases = (
				7872B6C12761509600497AC1 /* Headers */,
				7872B6C22761509600497AC1 /* Sources */,
				7872B6C32761509600497AC1 /* Frameworks */,
				7872B6C42761509600497AC1 /* Resources */,
			);
			buildRules = (
			);
			dependencies = (
			);
			name = SnowFallEffect;
			productName = SnowFallEffect;
			productReference = 7872B6C62761509600497AC1 /* SnowFallEffect.framework */;
			productType = "com.apple.product-type.framework";
		};
		7872B6CE2761509700497AC1 /* SnowFallEffectTests */ = {
			isa = PBXNativeTarget;
			buildConfigurationList = 7872B6DD2761509700497AC1 /* Build configuration list for PBXNativeTarget "SnowFallEffectTests" */;
			buildPhases = (
				7872B6CB2761509700497AC1 /* Sources */,
				7872B6CC2761509700497AC1 /* Frameworks */,
				7872B6CD2761509700497AC1 /* Resources */,
			);
			buildRules = (
			);
			dependencies = (
				7872B6D22761509700497AC1 /* PBXTargetDependency */,
			);
			name = SnowFallEffectTests;
			productName = SnowFallEffectTests;
			productReference = 7872B6CF2761509700497AC1 /* SnowFallEffectTests.xctest */;
			productType = "com.apple.product-type.bundle.unit-test";
		};
		7872B6E32761522800497AC1 /* SnowFallEffectExample */ = {
			isa = PBXNativeTarget;
			buildConfigurationList = 7872B6F52761522B00497AC1 /* Build configuration list for PBXNativeTarget "SnowFallEffectExample" */;
			buildPhases = (
				7872B6E02761522800497AC1 /* Sources */,
				7872B6E12761522800497AC1 /* Frameworks */,
				7872B6E22761522800497AC1 /* Resources */,
			);
			buildRules = (
			);
			dependencies = (
			);
			name = SnowFallEffectExample;
			productName = SnowFallEffectExample;
			productReference = 7872B6E42761522800497AC1 /* SnowFallEffectExample.app */;
			productType = "com.apple.product-type.application";
		};
/* End PBXNativeTarget section */

/* Begin PBXProject section */
		7872B6BD2761509600497AC1 /* Project object */ = {
			isa = PBXProject;
			attributes = {
				LastSwiftUpdateCheck = 1250;
				LastUpgradeCheck = 1250;
				TargetAttributes = {
					7872B6C52761509600497AC1 = {
						CreatedOnToolsVersion = 12.5.1;
						LastSwiftMigration = 1250;
					};
					7872B6CE2761509700497AC1 = {
						CreatedOnToolsVersion = 12.5.1;
					};
					7872B6E32761522800497AC1 = {
						CreatedOnToolsVersion = 12.5.1;
					};
				};
			};
			buildConfigurationList = 7872B6C02761509600497AC1 /* Build configuration list for PBXProject "SnowFallEffect" */;
			compatibilityVersion = "Xcode 9.3";
			developmentRegion = en;
			hasScannedForEncodings = 0;
			knownRegions = (
				en,
				Base,
			);
			mainGroup = 7872B6BC2761509600497AC1;
			productRefGroup = 7872B6C72761509600497AC1 /* Products */;
			projectDirPath = "";
			projectRoot = "";
			targets = (
				7872B6C52761509600497AC1 /* SnowFallEffect */,
				7872B6CE2761509700497AC1 /* SnowFallEffectTests */,
				7872B6E32761522800497AC1 /* SnowFallEffectExample */,
			);
		};
/* End PBXProject section */

/* Begin PBXResourcesBuildPhase section */
		7872B6C42761509600497AC1 /* Resources */ = {
			isa = PBXResourcesBuildPhase;
			buildActionMask = 2147483647;
			files = (
			);
			runOnlyForDeploymentPostprocessing = 0;
		};
		7872B6CD2761509700497AC1 /* Resources */ = {
			isa = PBXResourcesBuildPhase;
			buildActionMask = 2147483647;
			files = (
			);
			runOnlyForDeploymentPostprocessing = 0;
		};
		7872B6E22761522800497AC1 /* Resources */ = {
			isa = PBXResourcesBuildPhase;
			buildActionMask = 2147483647;
			files = (
				7872B6F32761522B00497AC1 /* LaunchScreen.storyboard in Resources */,
				7872B6F02761522B00497AC1 /* Assets.xcassets in Resources */,
				7872B6EE2761522800497AC1 /* Main.storyboard in Resources */,
			);
			runOnlyForDeploymentPostprocessing = 0;
		};
/* End PBXResourcesBuildPhase section */

/* Begin PBXSourcesBuildPhase section */
		7872B6C22761509600497AC1 /* Sources */ = {
			isa = PBXSourcesBuildPhase;
			buildActionMask = 2147483647;
			files = (
				783763EC27666E8F0023A7F9 /* SnowFallEffect+Direction.swift in Sources */,
				783763E8276659400023A7F9 /* SnowFallEffectLayer.swift in Sources */,
				783763EE276670E90023A7F9 /* SnowFallEffect+Shape.swift in Sources */,
				783763E6276658F60023A7F9 /* SnowFallEffectItem.swift in Sources */,
				783763EA276659B70023A7F9 /* SnowFallEffect+Duration.swift in Sources */,
			);
			runOnlyForDeploymentPostprocessing = 0;
		};
		7872B6CB2761509700497AC1 /* Sources */ = {
			isa = PBXSourcesBuildPhase;
			buildActionMask = 2147483647;
			files = (
				7872B6D52761509700497AC1 /* SnowFallEffectTests.swift in Sources */,
			);
			runOnlyForDeploymentPostprocessing = 0;
		};
		7872B6E02761522800497AC1 /* Sources */ = {
			isa = PBXSourcesBuildPhase;
			buildActionMask = 2147483647;
			files = (
				7872B6EB2761522800497AC1 /* ViewController.swift in Sources */,
				7872B6E72761522800497AC1 /* AppDelegate.swift in Sources */,
				7872B6E92761522800497AC1 /* SceneDelegate.swift in Sources */,
			);
			runOnlyForDeploymentPostprocessing = 0;
		};
/* End PBXSourcesBuildPhase section */

/* Begin PBXTargetDependency section */
		7872B6D22761509700497AC1 /* PBXTargetDependency */ = {
			isa = PBXTargetDependency;
			target = 7872B6C52761509600497AC1 /* SnowFallEffect */;
			targetProxy = 7872B6D12761509700497AC1 /* PBXContainerItemProxy */;
		};
/* End PBXTargetDependency section */

/* Begin PBXVariantGroup section */
		7872B6EC2761522800497AC1 /* Main.storyboard */ = {
			isa = PBXVariantGroup;
			children = (
				7872B6ED2761522800497AC1 /* Base */,
			);
			name = Main.storyboard;
			sourceTree = "<group>";
		};
		7872B6F12761522B00497AC1 /* LaunchScreen.storyboard */ = {
			isa = PBXVariantGroup;
			children = (
				7872B6F22761522B00497AC1 /* Base */,
			);
			name = LaunchScreen.storyboard;
			sourceTree = "<group>";
		};
/* End PBXVariantGroup section */

/* Begin XCBuildConfiguration section */
		7872B6D82761509700497AC1 /* Debug */ = {
			isa = XCBuildConfiguration;
			buildSettings = {
				ALWAYS_SEARCH_USER_PATHS = NO;
				CLANG_ANALYZER_NONNULL = YES;
				CLANG_ANALYZER_NUMBER_OBJECT_CONVERSION = YES_AGGRESSIVE;
				CLANG_CXX_LANGUAGE_STANDARD = "gnu++14";
				CLANG_CXX_LIBRARY = "libc++";
				CLANG_ENABLE_MODULES = YES;
				CLANG_ENABLE_OBJC_ARC = YES;
				CLANG_ENABLE_OBJC_WEAK = YES;
				CLANG_WARN_BLOCK_CAPTURE_AUTORELEASING = YES;
				CLANG_WARN_BOOL_CONVERSION = YES;
				CLANG_WARN_COMMA = YES;
				CLANG_WARN_CONSTANT_CONVERSION = YES;
				CLANG_WARN_DEPRECATED_OBJC_IMPLEMENTATIONS = YES;
				CLANG_WARN_DIRECT_OBJC_ISA_USAGE = YES_ERROR;
				CLANG_WARN_DOCUMENTATION_COMMENTS = YES;
				CLANG_WARN_EMPTY_BODY = YES;
				CLANG_WARN_ENUM_CONVERSION = YES;
				CLANG_WARN_INFINITE_RECURSION = YES;
				CLANG_WARN_INT_CONVERSION = YES;
				CLANG_WARN_NON_LITERAL_NULL_CONVERSION = YES;
				CLANG_WARN_OBJC_IMPLICIT_RETAIN_SELF = YES;
				CLANG_WARN_OBJC_LITERAL_CONVERSION = YES;
				CLANG_WARN_OBJC_ROOT_CLASS = YES_ERROR;
				CLANG_WARN_QUOTED_INCLUDE_IN_FRAMEWORK_HEADER = YES;
				CLANG_WARN_RANGE_LOOP_ANALYSIS = YES;
				CLANG_WARN_STRICT_PROTOTYPES = YES;
				CLANG_WARN_SUSPICIOUS_MOVE = YES;
				CLANG_WARN_UNGUARDED_AVAILABILITY = YES_AGGRESSIVE;
				CLANG_WARN_UNREACHABLE_CODE = YES;
				CLANG_WARN__DUPLICATE_METHOD_MATCH = YES;
				COPY_PHASE_STRIP = NO;
				CURRENT_PROJECT_VERSION = 1;
				DEBUG_INFORMATION_FORMAT = dwarf;
				ENABLE_STRICT_OBJC_MSGSEND = YES;
				ENABLE_TESTABILITY = YES;
				GCC_C_LANGUAGE_STANDARD = gnu11;
				GCC_DYNAMIC_NO_PIC = NO;
				GCC_NO_COMMON_BLOCKS = YES;
				GCC_OPTIMIZATION_LEVEL = 0;
				GCC_PREPROCESSOR_DEFINITIONS = (
					"DEBUG=1",
					"$(inherited)",
				);
				GCC_WARN_64_TO_32_BIT_CONVERSION = YES;
				GCC_WARN_ABOUT_RETURN_TYPE = YES_ERROR;
				GCC_WARN_UNDECLARED_SELECTOR = YES;
				GCC_WARN_UNINITIALIZED_AUTOS = YES_AGGRESSIVE;
				GCC_WARN_UNUSED_FUNCTION = YES;
				GCC_WARN_UNUSED_VARIABLE = YES;
				IPHONEOS_DEPLOYMENT_TARGET = 11.0;
				MTL_ENABLE_DEBUG_INFO = INCLUDE_SOURCE;
				MTL_FAST_MATH = YES;
				ONLY_ACTIVE_ARCH = YES;
				SDKROOT = iphoneos;
				SWIFT_ACTIVE_COMPILATION_CONDITIONS = DEBUG;
				SWIFT_OPTIMIZATION_LEVEL = "-Onone";
				VERSIONING_SYSTEM = "apple-generic";
				VERSION_INFO_PREFIX = "";
			};
			name = Debug;
		};
		7872B6D92761509700497AC1 /* Release */ = {
			isa = XCBuildConfiguration;
			buildSettings = {
				ALWAYS_SEARCH_USER_PATHS = NO;
				CLANG_ANALYZER_NONNULL = YES;
				CLANG_ANALYZER_NUMBER_OBJECT_CONVERSION = YES_AGGRESSIVE;
				CLANG_CXX_LANGUAGE_STANDARD = "gnu++14";
				CLANG_CXX_LIBRARY = "libc++";
				CLANG_ENABLE_MODULES = YES;
				CLANG_ENABLE_OBJC_ARC = YES;
				CLANG_ENABLE_OBJC_WEAK = YES;
				CLANG_WARN_BLOCK_CAPTURE_AUTORELEASING = YES;
				CLANG_WARN_BOOL_CONVERSION = YES;
				CLANG_WARN_COMMA = YES;
				CLANG_WARN_CONSTANT_CONVERSION = YES;
				CLANG_WARN_DEPRECATED_OBJC_IMPLEMENTATIONS = YES;
				CLANG_WARN_DIRECT_OBJC_ISA_USAGE = YES_ERROR;
				CLANG_WARN_DOCUMENTATION_COMMENTS = YES;
				CLANG_WARN_EMPTY_BODY = YES;
				CLANG_WARN_ENUM_CONVERSION = YES;
				CLANG_WARN_INFINITE_RECURSION = YES;
				CLANG_WARN_INT_CONVERSION = YES;
				CLANG_WARN_NON_LITERAL_NULL_CONVERSION = YES;
				CLANG_WARN_OBJC_IMPLICIT_RETAIN_SELF = YES;
				CLANG_WARN_OBJC_LITERAL_CONVERSION = YES;
				CLANG_WARN_OBJC_ROOT_CLASS = YES_ERROR;
				CLANG_WARN_QUOTED_INCLUDE_IN_FRAMEWORK_HEADER = YES;
				CLANG_WARN_RANGE_LOOP_ANALYSIS = YES;
				CLANG_WARN_STRICT_PROTOTYPES = YES;
				CLANG_WARN_SUSPICIOUS_MOVE = YES;
				CLANG_WARN_UNGUARDED_AVAILABILITY = YES_AGGRESSIVE;
				CLANG_WARN_UNREACHABLE_CODE = YES;
				CLANG_WARN__DUPLICATE_METHOD_MATCH = YES;
				COPY_PHASE_STRIP = NO;
				CURRENT_PROJECT_VERSION = 1;
				DEBUG_INFORMATION_FORMAT = "dwarf-with-dsym";
				ENABLE_NS_ASSERTIONS = NO;
				ENABLE_STRICT_OBJC_MSGSEND = YES;
				GCC_C_LANGUAGE_STANDARD = gnu11;
				GCC_NO_COMMON_BLOCKS = YES;
				GCC_WARN_64_TO_32_BIT_CONVERSION = YES;
				GCC_WARN_ABOUT_RETURN_TYPE = YES_ERROR;
				GCC_WARN_UNDECLARED_SELECTOR = YES;
				GCC_WARN_UNINITIALIZED_AUTOS = YES_AGGRESSIVE;
				GCC_WARN_UNUSED_FUNCTION = YES;
				GCC_WARN_UNUSED_VARIABLE = YES;
				IPHONEOS_DEPLOYMENT_TARGET = 11.0;
				MTL_ENABLE_DEBUG_INFO = NO;
				MTL_FAST_MATH = YES;
				SDKROOT = iphoneos;
				SWIFT_COMPILATION_MODE = wholemodule;
				SWIFT_OPTIMIZATION_LEVEL = "-O";
				VALIDATE_PRODUCT = YES;
				VERSIONING_SYSTEM = "apple-generic";
				VERSION_INFO_PREFIX = "";
			};
			name = Release;
		};
		7872B6DB2761509700497AC1 /* Debug */ = {
			isa = XCBuildConfiguration;
			buildSettings = {
				CLANG_ENABLE_MODULES = YES;
				CODE_SIGN_STYLE = Automatic;
				DEFINES_MODULE = YES;
				DEVELOPMENT_TEAM = 2MF6J97KS4;
				DYLIB_COMPATIBILITY_VERSION = 1;
				DYLIB_CURRENT_VERSION = 1;
				DYLIB_INSTALL_NAME_BASE = "@rpath";
				INFOPLIST_FILE = SnowFallEffect/Info.plist;
				INSTALL_PATH = "$(LOCAL_LIBRARY_DIR)/Frameworks";
				LD_RUNPATH_SEARCH_PATHS = (
					"$(inherited)",
					"@executable_path/Frameworks",
					"@loader_path/Frameworks",
				);
				PRODUCT_BUNDLE_IDENTIFIER = vasilikitrachani.SnowFallEffect;
				PRODUCT_NAME = "$(TARGET_NAME:c99extidentifier)";
				SKIP_INSTALL = YES;
				SUPPORTS_MACCATALYST = NO;
				SWIFT_OPTIMIZATION_LEVEL = "-Onone";
				SWIFT_VERSION = 5.0;
				TARGETED_DEVICE_FAMILY = "1,2";
			};
			name = Debug;
		};
		7872B6DC2761509700497AC1 /* Release */ = {
			isa = XCBuildConfiguration;
			buildSettings = {
				CLANG_ENABLE_MODULES = YES;
				CODE_SIGN_STYLE = Automatic;
				DEFINES_MODULE = YES;
				DEVELOPMENT_TEAM = 2MF6J97KS4;
				DYLIB_COMPATIBILITY_VERSION = 1;
				DYLIB_CURRENT_VERSION = 1;
				DYLIB_INSTALL_NAME_BASE = "@rpath";
				INFOPLIST_FILE = SnowFallEffect/Info.plist;
				INSTALL_PATH = "$(LOCAL_LIBRARY_DIR)/Frameworks";
				LD_RUNPATH_SEARCH_PATHS = (
					"$(inherited)",
					"@executable_path/Frameworks",
					"@loader_path/Frameworks",
				);
				PRODUCT_BUNDLE_IDENTIFIER = vasilikitrachani.SnowFallEffect;
				PRODUCT_NAME = "$(TARGET_NAME:c99extidentifier)";
				SKIP_INSTALL = YES;
				SUPPORTS_MACCATALYST = NO;
				SWIFT_VERSION = 5.0;
				TARGETED_DEVICE_FAMILY = "1,2";
			};
			name = Release;
		};
		7872B6DE2761509700497AC1 /* Debug */ = {
			isa = XCBuildConfiguration;
			buildSettings = {
				ALWAYS_EMBED_SWIFT_STANDARD_LIBRARIES = YES;
				CODE_SIGN_STYLE = Automatic;
				DEVELOPMENT_TEAM = 2MF6J97KS4;
				INFOPLIST_FILE = SnowFallEffectTests/Info.plist;
				LD_RUNPATH_SEARCH_PATHS = (
					"$(inherited)",
					"@executable_path/Frameworks",
					"@loader_path/Frameworks",
				);
				PRODUCT_BUNDLE_IDENTIFIER = vasilikitrachani.SnowFallEffectTests;
				PRODUCT_NAME = "$(TARGET_NAME)";
				SWIFT_VERSION = 5.0;
				TARGETED_DEVICE_FAMILY = "1,2";
			};
			name = Debug;
		};
		7872B6DF2761509700497AC1 /* Release */ = {
			isa = XCBuildConfiguration;
			buildSettings = {
				ALWAYS_EMBED_SWIFT_STANDARD_LIBRARIES = YES;
				CODE_SIGN_STYLE = Automatic;
				DEVELOPMENT_TEAM = 2MF6J97KS4;
				INFOPLIST_FILE = SnowFallEffectTests/Info.plist;
				LD_RUNPATH_SEARCH_PATHS = (
					"$(inherited)",
					"@executable_path/Frameworks",
					"@loader_path/Frameworks",
				);
				PRODUCT_BUNDLE_IDENTIFIER = vasilikitrachani.SnowFallEffectTests;
				PRODUCT_NAME = "$(TARGET_NAME)";
				SWIFT_VERSION = 5.0;
				TARGETED_DEVICE_FAMILY = "1,2";
			};
			name = Release;
		};
		7872B6F62761522B00497AC1 /* Debug */ = {
			isa = XCBuildConfiguration;
			buildSettings = {
				ASSETCATALOG_COMPILER_APPICON_NAME = AppIcon;
				ASSETCATALOG_COMPILER_GLOBAL_ACCENT_COLOR_NAME = AccentColor;
				CODE_SIGN_STYLE = Automatic;
				DEVELOPMENT_TEAM = 2MF6J97KS4;
				INFOPLIST_FILE = SnowFallEffectExample/Info.plist;
				IPHONEOS_DEPLOYMENT_TARGET = 11.0;
				LD_RUNPATH_SEARCH_PATHS = (
					"$(inherited)",
					"@executable_path/Frameworks",
				);
				PRODUCT_BUNDLE_IDENTIFIER = vasilikitrachani.SnowFallEffectExample;
				PRODUCT_NAME = "$(TARGET_NAME)";
				SWIFT_VERSION = 5.0;
				TARGETED_DEVICE_FAMILY = "1,2";
			};
			name = Debug;
		};
		7872B6F72761522B00497AC1 /* Release */ = {
			isa = XCBuildConfiguration;
			buildSettings = {
				ASSETCATALOG_COMPILER_APPICON_NAME = AppIcon;
				ASSETCATALOG_COMPILER_GLOBAL_ACCENT_COLOR_NAME = AccentColor;
				CODE_SIGN_STYLE = Automatic;
				DEVELOPMENT_TEAM = 2MF6J97KS4;
				INFOPLIST_FILE = SnowFallEffectExample/Info.plist;
				IPHONEOS_DEPLOYMENT_TARGET = 11.0;
				LD_RUNPATH_SEARCH_PATHS = (
					"$(inherited)",
					"@executable_path/Frameworks",
				);
				PRODUCT_BUNDLE_IDENTIFIER = vasilikitrachani.SnowFallEffectExample;
				PRODUCT_NAME = "$(TARGET_NAME)";
				SWIFT_VERSION = 5.0;
				TARGETED_DEVICE_FAMILY = "1,2";
			};
			name = Release;
		};
/* End XCBuildConfiguration section */

/* Begin XCConfigurationList section */
		7872B6C02761509600497AC1 /* Build configuration list for PBXProject "SnowFallEffect" */ = {
			isa = XCConfigurationList;
			buildConfigurations = (
				7872B6D82761509700497AC1 /* Debug */,
				7872B6D92761509700497AC1 /* Release */,
			);
			defaultConfigurationIsVisible = 0;
			defaultConfigurationName = Release;
		};
		7872B6DA2761509700497AC1 /* Build configuration list for PBXNativeTarget "SnowFallEffect" */ = {
			isa = XCConfigurationList;
			buildConfigurations = (
				7872B6DB2761509700497AC1 /* Debug */,
				7872B6DC2761509700497AC1 /* Release */,
			);
			defaultConfigurationIsVisible = 0;
			defaultConfigurationName = Release;
		};
		7872B6DD2761509700497AC1 /* Build configuration list for PBXNativeTarget "SnowFallEffectTests" */ = {
			isa = XCConfigurationList;
			buildConfigurations = (
				7872B6DE2761509700497AC1 /* Debug */,
				7872B6DF2761509700497AC1 /* Release */,
			);
			defaultConfigurationIsVisible = 0;
			defaultConfigurationName = Release;
		};
		7872B6F52761522B00497AC1 /* Build configuration list for PBXNativeTarget "SnowFallEffectExample" */ = {
			isa = XCConfigurationList;
			buildConfigurations = (
				7872B6F62761522B00497AC1 /* Debug */,
				7872B6F72761522B00497AC1 /* Release */,
			);
			defaultConfigurationIsVisible = 0;
			defaultConfigurationName = Release;
		};
/* End XCConfigurationList section */
	};
	rootObject = 7872B6BD2761509600497AC1 /* Project object */;
}
